# THIS IS AN AUTOGENERATED FILE. DO NOT EDIT THIS FILE DIRECTLY.
# yarn lockfile v1


"@snowsvex/snowsvex-plugin@^0.1.5":
  "integrity" "sha512-tn7TDdfoorCbRIUxaU+o2lbUFW8E+ounDa7VJZkBqSCHy5KuJsjhLj0w8hSkxxwpPeMGVdZBD+zV2T4NV1/SFA=="
  "resolved" "https://registry.npmjs.org/@snowsvex/snowsvex-plugin/-/snowsvex-plugin-0.1.5.tgz"
  "version" "0.1.5"
  dependencies:
    "js-yaml" "^4.0.0"

"@snowsvex/snowsvex@file:..":
  "resolved" "file:.."
  "version" "0.1.3"
  dependencies:
    "@snowsvex/snowsvex-plugin" "^0.1.5"
    "chalk" "^4.1.0"
    "clear" "^0.1.0"
    "commander" "^7.1.0"
    "figlet" "^1.5.0"
    "fs" "^0.0.1-security"
    "snowpack" "^3.0.13"

"@types/unist@^2.0.0", "@types/unist@^2.0.2", "@types/unist@^2.0.3":
  "integrity" "sha512-FvUupuM3rlRsRtCN+fDudtmytGO6iHJuuRKS1Ss0pG5z8oX0diNEw94UEL7hgDbpN94rgaK5R7sWm6RrSkZuAQ=="
  "resolved" "https://registry.npmjs.org/@types/unist/-/unist-2.0.3.tgz"
  "version" "2.0.3"

"argparse@^2.0.1":
  "integrity" "sha512-8+9WqebbFzpX9OR+Wa6O29asIogeRMzcGtAINdpMHHyAg10f05aSFVBbcEqGf/PXw1EjAZ+q2/bEBg3DvurK3Q=="
  "resolved" "https://registry.npmjs.org/argparse/-/argparse-2.0.1.tgz"
  "version" "2.0.1"

"big-integer@^1.6.7":
  "integrity" "sha512-j51egjPa7/i+RdiRuJbPdJ2FIUYYPhvYLjzoYbcMMm62ooO6F94fETG4MTs46zPAF9Brs04OajboA/qTGuz78w=="
  "resolved" "https://registry.npmjs.org/big-integer/-/big-integer-1.6.48.tgz"
  "version" "1.6.48"

"bplist-parser@^0.1.0":
  "integrity" "sha1-1g1dzCDLptx+HymbNdPh+V2vuuY="
  "resolved" "https://registry.npmjs.org/bplist-parser/-/bplist-parser-0.1.1.tgz"
  "version" "0.1.1"
  dependencies:
    "big-integer" "^1.6.7"

"clipboard@^2.0.0":
  "integrity" "sha512-g5zbiixBRk/wyKakSwCKd7vQXDjFnAMGHoEyBogG/bw9kTD9GvdAvaoRR1ALcEzt3pVKxZR0pViekPMIS0QyGg=="
  "resolved" "https://registry.npmjs.org/clipboard/-/clipboard-2.0.6.tgz"
  "version" "2.0.6"
  dependencies:
    "good-listener" "^1.2.2"
    "select" "^1.1.2"
    "tiny-emitter" "^2.0.0"

"default-browser-id@^2.0.0":
  "integrity" "sha1-AezONxpx6F8VoXF354YwR+c9vn0="
  "resolved" "https://registry.npmjs.org/default-browser-id/-/default-browser-id-2.0.0.tgz"
  "version" "2.0.0"
  dependencies:
    "bplist-parser" "^0.1.0"
    "pify" "^2.3.0"
    "untildify" "^2.0.0"

"delegate@^3.1.2":
  "integrity" "sha512-IofjkYBZaZivn0V8nnsMJGBr4jVLxHDheKSW88PyxS5QC4Vo9ZbZVvhzlSxY87fVq3STR6r+4cGepyHkcWOQSw=="
  "resolved" "https://registry.npmjs.org/delegate/-/delegate-3.2.0.tgz"
  "version" "3.2.0"

"esbuild@^0.8.7":
  "integrity" "sha512-DJH38OiTgXJxFb/EhHrCrY8eGmtdkTtWymHpN9IYN9AF+4jykT0dQArr7wzFejpVbaB0TMIq2+vfNRWr3LXpvw=="
  "resolved" "https://registry.npmjs.org/esbuild/-/esbuild-0.8.54.tgz"
  "version" "0.8.54"

"fsevents@^2.2.0", "fsevents@~2.3.1":
  "integrity" "sha512-xiqMQR4xAeHTuB9uWm+fFRcIOgKBMiOBP+eXiyT7jsgVCq1bkVygt00oASowB7EdtpOHaaPgKt812P9ab+DDKA=="
  "resolved" "https://registry.npmjs.org/fsevents/-/fsevents-2.3.2.tgz"
  "version" "2.3.2"

"function-bind@^1.1.1":
  "integrity" "sha512-yIovAzMX49sF8Yl58fSCWJ5svSLuaibPxXQJFLmBObTuCr0Mf1KiPopGM9NiFjiYBCbfaa2Fh6breQ6ANVTI0A=="
  "resolved" "https://registry.npmjs.org/function-bind/-/function-bind-1.1.1.tgz"
  "version" "1.1.1"

"good-listener@^1.2.2":
  "integrity" "sha1-1TswzfkxPf+33JoNR3CWqm0UXFA="
  "resolved" "https://registry.npmjs.org/good-listener/-/good-listener-1.2.2.tgz"
  "version" "1.2.2"
  dependencies:
    "delegate" "^3.1.2"

"has@^1.0.3":
  "integrity" "sha512-f2dvO0VU6Oej7RkWJGrehjbzMAjFp5/VKPp5tTpWIV4JHHZK1/BxbFRtf/siA2SWTe09caDmVtYYzWEIbBS4zw=="
  "resolved" "https://registry.npmjs.org/has/-/has-1.0.3.tgz"
  "version" "1.0.3"
  dependencies:
    "function-bind" "^1.1.1"

"is-core-module@^2.2.0":
  "integrity" "sha512-XRAfAdyyY5F5cOXn7hYQDqh2Xmii+DEfIcQGxK/uNwMHhIkPWO0g8msXcbzLe+MpGoR951MlqM/2iIlU4vKDdQ=="
  "resolved" "https://registry.npmjs.org/is-core-module/-/is-core-module-2.2.0.tgz"
  "version" "2.2.0"
  dependencies:
    "has" "^1.0.3"

"is-docker@^2.0.0":
  "integrity" "sha512-ZOoqiXfEwtGknTiuDEy8pN2CfE3TxMHprvNer1mXiqwkOT77Rw3YVrUQ52EqAOU3QAWDQ+bQdx7HJzrv7LS2Hw=="
  "resolved" "https://registry.npmjs.org/is-docker/-/is-docker-2.1.1.tgz"
  "version" "2.1.1"

"is-wsl@^2.1.1":
  "integrity" "sha512-fKzAra0rGJUUBwGBgNkHZuToZcn+TtXHpeCgmkMJMMYx1sQDYaCSyjJBSCa2nH1DGm7s3n1oBnohoVTBaN7Lww=="
  "resolved" "https://registry.npmjs.org/is-wsl/-/is-wsl-2.2.0.tgz"
  "version" "2.2.0"
  dependencies:
    "is-docker" "^2.0.0"

"js-yaml@^4.0.0":
  "integrity" "sha512-pqon0s+4ScYUvX30wxQi3PogGFAlUyH0awepWvwkj4jD4v+ova3RiYw8bmA6x2rDrEaj8i/oWKoRxpVNW+Re8Q=="
  "resolved" "https://registry.npmjs.org/js-yaml/-/js-yaml-4.0.0.tgz"
  "version" "4.0.0"
  dependencies:
    "argparse" "^2.0.1"

"mdsvex@^0.8.9":
  "integrity" "sha512-9CDBDV29IVNJsJWDlCg1UwascU8QmuHsYEXJH2ZGsf7lCCWUDSwbOmR+I77tm8D2YQrPsbLCLq/UndUMJck3Cw=="
  "resolved" "https://registry.npmjs.org/mdsvex/-/mdsvex-0.8.9.tgz"
  "version" "0.8.9"
  dependencies:
    "@types/unist" "^2.0.3"
    "prismjs" "^1.17.1"
    "vfile-message" "^2.0.4"

"open@^7.0.4":
  "integrity" "sha512-MVHddDVweXZF3awtlAS+6pgKLlm/JgxZ90+/NBurBoQctVOOB/zDdVjcyPzQ+0laDGbsWgrRkflI65sQeOgT9Q=="
  "resolved" "https://registry.npmjs.org/open/-/open-7.4.2.tgz"
  "version" "7.4.2"
  dependencies:
    "is-docker" "^2.0.0"
    "is-wsl" "^2.1.1"

"os-homedir@^1.0.0":
  "integrity" "sha1-/7xJiDNuDoM94MFox+8VISGqf7M="
  "resolved" "https://registry.npmjs.org/os-homedir/-/os-homedir-1.0.2.tgz"
  "version" "1.0.2"

"path-parse@^1.0.6":
  "integrity" "sha512-GSmOT2EbHrINBf9SR7CDELwlJ8AENk3Qn7OikK4nFYAu3Ote2+JYNVvkpAEQm3/TLNEJFD/xZJjzyxg3KBWOzw=="
  "resolved" "https://registry.npmjs.org/path-parse/-/path-parse-1.0.6.tgz"
  "version" "1.0.6"

"pify@^2.3.0":
  "integrity" "sha1-7RQaasBDqEnqWISY59yosVMw6Qw="
  "resolved" "https://registry.npmjs.org/pify/-/pify-2.3.0.tgz"
  "version" "2.3.0"

"prismjs@^1.17.1":
  "integrity" "sha512-c29LVsqOaLbBHuIbsTxaKENh1N2EQBOHaWv7gkHN4dgRbxSREqDnDbtFJYdpPauS4YCplMSNCABQ6Eeor69bAA=="
  "resolved" "https://registry.npmjs.org/prismjs/-/prismjs-1.23.0.tgz"
  "version" "1.23.0"
  dependencies:
    "clipboard" "^2.0.0"
  optionalDependencies:
    "clipboard" "^2.0.0"

"resolve@^1.20.0":
  "integrity" "sha512-wENBPt4ySzg4ybFQW2TT1zMQucPK95HSh/nq2CFTZVOGut2+pQvSsgtda4d26YrYcr067wjbmzOG8byDPBX63A=="
  "resolved" "https://registry.npmjs.org/resolve/-/resolve-1.20.0.tgz"
  "version" "1.20.0"
  dependencies:
    "is-core-module" "^2.2.0"
    "path-parse" "^1.0.6"

"rollup@^2.34.0":
  "integrity" "sha512-WiOGAPbXoHu+TOz6hyYUxIksOwsY/21TRWoO593jgYt8mvYafYqQl+axaA8y1z2HFazNUUrsMSjahV2A6/2R9A=="
  "resolved" "https://registry.npmjs.org/rollup/-/rollup-2.40.0.tgz"
  "version" "2.40.0"
  dependencies:
    "fsevents" "~2.3.1"
  optionalDependencies:
    "fsevents" "~2.3.1"

"select@^1.1.2":
  "integrity" "sha1-DnNQrN7ICxEIUoeG7B1EGNEbOW0="
  "resolved" "https://registry.npmjs.org/select/-/select-1.1.2.tgz"
  "version" "1.1.2"

"snowpack@^3.0.13":
  "integrity" "sha512-USTcpfJ68rbuFvUygw+3n9qS1CC/tGsr/JNVc6FNk0ZRfGBE4OmB+Mmk5nWtdxi546GeCr/GvveJenYLen/WpA=="
  "resolved" "https://registry.npmjs.org/snowpack/-/snowpack-3.0.13.tgz"
  "version" "3.0.13"
  dependencies:
    "default-browser-id" "^2.0.0"
    "esbuild" "^0.8.7"
    "fsevents" "^2.2.0"
    "open" "^7.0.4"
    "resolve" "^1.20.0"
    "rollup" "^2.34.0"
  optionalDependencies:
    "fsevents" "^2.2.0"

"svelte@^3.34.0", "svelte@3.x":
  "integrity" "sha512-gknlZkR2sXheu/X+B7dDImwANVvK1R0QGQLd8CNIfxxGPeXBmePnxfzb6fWwTQRsYQG7lYkZXvpXJvxvpsoB7g=="
  "resolved" "https://registry.npmjs.org/svelte/-/svelte-3.35.0.tgz"
  "version" "3.35.0"

"tiny-emitter@^2.0.0":
  "integrity" "sha512-NB6Dk1A9xgQPMoGqC5CVXn123gWyte215ONT5Pp5a0yt4nlEoO1ZWeCwpncaekPHXO60i47ihFnZPiRPjRMq4Q=="
  "resolved" "https://registry.npmjs.org/tiny-emitter/-/tiny-emitter-2.1.0.tgz"
  "version" "2.1.0"

"unist-util-stringify-position@^2.0.0":
  "integrity" "sha512-3faScn5I+hy9VleOq/qNbAd6pAx7iH5jYBMS9I1HgQVijz/4mv5Bvw5iw1sC/90CODiKo81G/ps8AJrISn687g=="
  "resolved" "https://registry.npmjs.org/unist-util-stringify-position/-/unist-util-stringify-position-2.0.3.tgz"
  "version" "2.0.3"
  dependencies:
    "@types/unist" "^2.0.2"

"untildify@^2.0.0":
  "integrity" "sha1-F+soB5h/dpUunASF/DEdBqgmouA="
  "resolved" "https://registry.npmjs.org/untildify/-/untildify-2.1.0.tgz"
  "version" "2.1.0"
  dependencies:
    "os-homedir" "^1.0.0"

"vfile-message@^2.0.4":
  "integrity" "sha512-DjssxRGkMvifUOJre00juHoP9DPWuzjxKuMDrhNbk2TdaYYBNMStsNhEOt3idrtI12VQYM/1+iM0KOzXi4pxwQ=="
  "resolved" "https://registry.npmjs.org/vfile-message/-/vfile-message-2.0.4.tgz"
  "version" "2.0.4"
  dependencies:
    "@types/unist" "^2.0.0"
    "unist-util-stringify-position" "^2.0.0"
